
Microsoft Visual Studio Solution File, Format Version 12.00
# Visual Studio Version 16
VisualStudioVersion = 16.0.29613.14
MinimumVisualStudioVersion = 10.0.40219.1
Project("{FAE04EC0-301F-11D3-BF4B-00C04F79EFBC}") = "MeetingApp", "MeetingApp.csproj", "{3C87546F-AFFB-488D-8B68-7A581FA9C01D}"
EndProject
Global
	GlobalSection(SolutionConfigurationPlatforms) = preSolution
		Debug|Any CPU = Debug|Any CPU
		Release|Any CPU = Release|Any CPU
	EndGlobalSection
	GlobalSection(ProjectConfigurationPlatforms) = postSolution
		{3C87546F-AFFB-488D-8B68-7A581FA9C01D}.Debug|Any CPU.ActiveCfg = Debug|Any CPU
		{3C87546F-AFFB-488D-8B68-7A581FA9C01D}.Debug|Any CPU.Build.0 = Debug|Any CPU
		{3C87546F-AFFB-488D-8B68-7A581FA9C01D}.Release|Any CPU.ActiveCfg = Release|Any CPU
		{3C87546F-AFFB-488D-8B68-7A581FA9C01D}.Release|Any CPU.Build.0 = Release|Any CPU
	EndGlobalSection
	GlobalSection(SolutionProperties) = preSolution
		HideSolutionNode = FALSE
	EndGlobalSection
	GlobalSection(ExtensibilityGlobals) = postSolution
		SolutionGuid = {E8E8C63D-A1CD-43DA-8B6D-C86178F42EAE}
	EndGlobalSection
EndGlobal
